
Microsoft Visual Studio Solution File, Format Version 12.00
# Visual Studio Version 17
VisualStudioVersion = 17.5.33516.290
MinimumVisualStudioVersion = 10.0.40219.1
Project("{FAE04EC0-301F-11D3-BF4B-00C04F79EFBC}") = "TournamentDB_421_KogorevNikitaE", "TournamentDB_421_KogorevNikitaE\TournamentDB_421_KogorevNikitaE.csproj", "{F6C30DA4-D34D-490B-97F5-D0ADADD89286}"
EndProject
Global
	GlobalSection(SolutionConfigurationPlatforms) = preSolution
		Debug|Any CPU = Debug|Any CPU
		Release|Any CPU = Release|Any CPU
	EndGlobalSection
	GlobalSection(ProjectConfigurationPlatforms) = postSolution
		{F6C30DA4-D34D-490B-97F5-D0ADADD89286}.Debug|Any CPU.ActiveCfg = Debug|Any CPU
		{F6C30DA4-D34D-490B-97F5-D0ADADD89286}.Debug|Any CPU.Build.0 = Debug|Any CPU
		{F6C30DA4-D34D-490B-97F5-D0ADADD89286}.Release|Any CPU.ActiveCfg = Release|Any CPU
		{F6C30DA4-D34D-490B-97F5-D0ADADD89286}.Release|Any CPU.Build.0 = Release|Any CPU
	EndGlobalSection
	GlobalSection(SolutionProperties) = preSolution
		HideSolutionNode = FALSE
	EndGlobalSection
	GlobalSection(ExtensibilityGlobals) = postSolution
		SolutionGuid = {6A50B745-4884-4B14-A2D6-D36538C3C5F1}
	EndGlobalSection
EndGlobal
